{
  "name": "test",
  "version": "1.0.0",
  "lockfileVersion": 1,
  "requires": true,
  "dependencies": {
    "ansi-colors": {
      "version": "3.2.3",
      "resolved": "https://registry.npm.taobao.org/ansi-colors/download/ansi-colors-3.2.3.tgz"
    },
    "ansi-regex": {
      "version": "4.1.0",
      "resolved": "https://registry.npm.taobao.org/ansi-regex/download/ansi-regex-4.1.0.tgz"
    },
    "ansi-styles": {
      "version": "3.2.1",
      "resolved": "https://registry.npm.taobao.org/ansi-styles/download/ansi-styles-3.2.1.tgz",
      "requires": {
        "color-convert": "^1.9.0"
      },
      "dependencies": {
        "color-convert": {
          "version": "https://registry.npm.taobao.org/color-convert/download/color-convert-1.9.3.tgz",
          "bundled": true
        }
      }
    },
    "argparse": {
      "version": "1.0.10",
      "resolved": "https://registry.npm.taobao.org/argparse/download/argparse-1.0.10.tgz",
      "requires": {
        "sprintf-js": "~1.0.2"
      },
      "dependencies": {
        "sprintf-js": {
          "version": "https://registry.npm.taobao.org/sprintf-js/download/sprintf-js-1.0.3.tgz",
          "bundled": true
        }
      }
    },
    "assertion-error": {
      "version": "1.1.0",
      "resolved": "https://registry.npm.taobao.org/assertion-error/download/assertion-error-1.1.0.tgz"
    },
    "axios": {
      "version": "0.18.0",
      "resolved": "https://registry.npmjs.org/axios/-/axios-0.18.0.tgz",
      "integrity": "sha1-MtU+SFHv3AoRmTts0AB4nXDAUQI=",
      "requires": {
        "follow-redirects": "^1.3.0",
        "is-buffer": "^1.1.5"
      },
      "dependencies": {
        "is-buffer": {
          "version": "1.1.6",
          "resolved": "https://registry.npmjs.org/is-buffer/-/is-buffer-1.1.6.tgz",
          "integrity": "sha512-NcdALwpXkTm5Zvvbk7owOUSvVvBKDgKP5/ewfXEznmQFfs4ZRmanOeKBTjRVjka3QFoN6XJ+9F3USqfHqTaU5w=="
        }
      }
    },
    "balanced-match": {
      "version": "1.0.0",
      "resolved": "https://registry.npm.taobao.org/balanced-match/download/balanced-match-1.0.0.tgz"
    },
    "brace-expansion": {
      "version": "1.1.11",
      "resolved": "https://registry.npm.taobao.org/brace-expansion/download/brace-expansion-1.1.11.tgz",
      "requires": {
        "balanced-match": "^1.0.0",
        "concat-map": "0.0.1"
      },
      "dependencies": {
        "balanced-match": {
          "version": "https://registry.npm.taobao.org/balanced-match/download/balanced-match-1.0.0.tgz"
        },
        "concat-map": {
          "version": "https://registry.npm.taobao.org/concat-map/download/concat-map-0.0.1.tgz"
        }
      }
    },
    "browser-stdout": {
      "version": "1.3.1",
      "resolved": "https://registry.npm.taobao.org/browser-stdout/download/browser-stdout-1.3.1.tgz"
    },
    "camelcase": {
      "version": "5.3.1",
      "resolved": "https://registry.npm.taobao.org/camelcase/download/camelcase-5.3.1.tgz"
    },
    "chai": {
      "version": "4.2.0",
      "resolved": "https://registry.npm.taobao.org/chai/download/chai-4.2.0.tgz?cache=0&other_urls=https%3A%2F%2Fregistry.npm.taobao.org%2Fchai%2Fdownload%2Fchai-4.2.0.tgz",
      "requires": {
        "assertion-error": "^1.1.0",
        "check-error": "^1.0.2",
        "deep-eql": "^3.0.1",
        "get-func-name": "^2.0.0",
        "pathval": "^1.1.0",
        "type-detect": "^4.0.5"
      },
      "dependencies": {
        "assertion-error": {
          "version": "https://registry.npm.taobao.org/assertion-error/download/assertion-error-1.1.0.tgz"
        },
        "check-error": {
          "version": "https://registry.npm.taobao.org/check-error/download/check-error-1.0.2.tgz"
        },
        "deep-eql": {
          "version": "https://registry.npm.taobao.org/deep-eql/download/deep-eql-3.0.1.tgz?cache=0&other_urls=https%3A%2F%2Fregistry.npm.taobao.org%2Fdeep-eql%2Fdownload%2Fdeep-eql-3.0.1.tgz"
        },
        "get-func-name": {
          "version": "https://registry.npm.taobao.org/get-func-name/download/get-func-name-2.0.0.tgz"
        },
        "pathval": {
          "version": "https://registry.npm.taobao.org/pathval/download/pathval-1.1.0.tgz"
        },
        "type-detect": {
          "version": "https://registry.npm.taobao.org/type-detect/download/type-detect-4.0.8.tgz"
        }
      }
    },
    "chalk": {
      "version": "2.4.2",
      "resolved": "https://registry.npm.taobao.org/chalk/download/chalk-2.4.2.tgz",
      "requires": {
        "ansi-styles": "^3.2.1",
        "escape-string-regexp": "^1.0.5",
        "supports-color": "^5.3.0"
      },
      "dependencies": {
        "ansi-styles": {
          "version": "https://registry.npm.taobao.org/ansi-styles/download/ansi-styles-3.2.1.tgz",
          "dependencies": {
            "color-convert": {
              "version": "https://registry.npm.taobao.org/color-convert/download/color-convert-1.9.3.tgz",
              "bundled": true
            }
          }
        },
        "escape-string-regexp": {
          "version": "https://registry.npm.taobao.org/escape-string-regexp/download/escape-string-regexp-1.0.5.tgz"
        },
        "supports-color": {
          "version": "https://registry.npm.taobao.org/supports-color/download/supports-color-5.5.0.tgz?cache=0&other_urls=https%3A%2F%2Fregistry.npm.taobao.org%2Fsupports-color%2Fdownload%2Fsupports-color-5.5.0.tgz"
        }
      }
    },
    "check-error": {
      "version": "1.0.2",
      "resolved": "https://registry.npm.taobao.org/check-error/download/check-error-1.0.2.tgz"
    },
    "cliui": {
      "version": "4.1.0",
      "resolved": "https://registry.npm.taobao.org/cliui/download/cliui-4.1.0.tgz",
      "requires": {
        "wrap-ansi": "^2.0.0"
      },
      "dependencies": {
        "string-width": {
          "version": "https://registry.npm.taobao.org/string-width/download/string-width-2.1.1.tgz"
        },
        "strip-ansi": {
          "version": "https://registry.npm.taobao.org/strip-ansi/download/strip-ansi-4.0.0.tgz",
          "dependencies": {
            "ansi-regex": {
              "version": "https://registry.npm.taobao.org/ansi-regex/download/ansi-regex-3.0.0.tgz"
            }
          }
        },
        "wrap-ansi": {
          "version": "https://registry.npm.taobao.org/wrap-ansi/download/wrap-ansi-2.1.0.tgz"
        }
      }
    },
    "code-point-at": {
      "version": "1.1.0",
      "resolved": "https://registry.npm.taobao.org/code-point-at/download/code-point-at-1.1.0.tgz"
    },
    "color-convert": {
      "version": "1.9.3",
      "resolved": "https://registry.npm.taobao.org/color-convert/download/color-convert-1.9.3.tgz",
      "requires": {
        "color-name": "1.1.3"
      },
      "dependencies": {
        "color-name": {
          "version": "https://registry.npm.taobao.org/color-name/download/color-name-1.1.3.tgz"
        }
      }
    },
    "color-name": {
      "version": "1.1.3",
      "resolved": "https://registry.npm.taobao.org/color-name/download/color-name-1.1.3.tgz"
    },
    "concat-map": {
      "version": "0.0.1",
      "resolved": "https://registry.npm.taobao.org/concat-map/download/concat-map-0.0.1.tgz"
    },
    "cross-spawn": {
      "version": "6.0.5",
      "resolved": "https://registry.npm.taobao.org/cross-spawn/download/cross-spawn-6.0.5.tgz?cache=0&other_urls=https%3A%2F%2Fregistry.npm.taobao.org%2Fcross-spawn%2Fdownload%2Fcross-spawn-6.0.5.tgz",
      "requires": {
        "nice-try": "^1.0.4",
        "path-key": "^2.0.1",
        "semver": "^5.5.0",
        "shebang-command": "^1.2.0",
        "which": "^1.2.9"
      },
      "dependencies": {
        "nice-try": {
          "version": "https://registry.npm.taobao.org/nice-try/download/nice-try-1.0.5.tgz"
        },
        "path-key": {
          "version": "https://registry.npm.taobao.org/path-key/download/path-key-2.0.1.tgz"
        },
        "semver": {
          "version": "https://registry.npm.taobao.org/semver/download/semver-5.7.0.tgz"
        },
        "shebang-command": {
          "version": "https://registry.npm.taobao.org/shebang-command/download/shebang-command-1.2.0.tgz"
        },
        "which": {
          "version": "https://registry.npm.taobao.org/which/download/which-1.3.1.tgz"
        }
      }
    },
    "debug": {
      "version": "3.2.6",
      "resolved": "https://registry.npm.taobao.org/debug/download/debug-3.2.6.tgz",
      "requires": {
        "ms": "^2.1.1"
      },
      "dependencies": {
        "ms": {
          "version": "https://registry.npm.taobao.org/ms/download/ms-2.1.1.tgz",
          "bundled": true
        }
      }
    },
    "decamelize": {
      "version": "1.2.0",
      "resolved": "https://registry.npm.taobao.org/decamelize/download/decamelize-1.2.0.tgz"
    },
    "deep-eql": {
      "version": "3.0.1",
      "resolved": "https://registry.npm.taobao.org/deep-eql/download/deep-eql-3.0.1.tgz?cache=0&other_urls=https%3A%2F%2Fregistry.npm.taobao.org%2Fdeep-eql%2Fdownload%2Fdeep-eql-3.0.1.tgz",
      "requires": {
        "type-detect": "^4.0.0"
      },
      "dependencies": {
        "type-detect": {
          "version": "https://registry.npm.taobao.org/type-detect/download/type-detect-4.0.8.tgz"
        }
      }
    },
    "define-properties": {
      "version": "1.1.3",
      "resolved": "https://registry.npm.taobao.org/define-properties/download/define-properties-1.1.3.tgz",
      "requires": {
        "object-keys": "^1.0.12"
      },
      "dependencies": {
        "object-keys": {
          "version": "https://registry.npm.taobao.org/object-keys/download/object-keys-1.1.1.tgz"
        }
      }
    },
    "diff": {
      "version": "3.5.0",
      "resolved": "https://registry.npm.taobao.org/diff/download/diff-3.5.0.tgz?cache=0&other_urls=https%3A%2F%2Fregistry.npm.taobao.org%2Fdiff%2Fdownload%2Fdiff-3.5.0.tgz"
    },
    "emoji-regex": {
      "version": "7.0.3",
      "resolved": "https://registry.npm.taobao.org/emoji-regex/download/emoji-regex-7.0.3.tgz"
    },
    "end-of-stream": {
      "version": "1.4.1",
      "resolved": "https://registry.npm.taobao.org/end-of-stream/download/end-of-stream-1.4.1.tgz",
      "requires": {
        "once": "^1.4.0"
      },
      "dependencies": {
        "once": {
          "version": "https://registry.npm.taobao.org/once/download/once-1.4.0.tgz",
          "bundled": true
        }
      }
    },
    "es-abstract": {
      "version": "1.13.0",
      "resolved": "https://registry.npm.taobao.org/es-abstract/download/es-abstract-1.13.0.tgz",
      "requires": {
        "es-to-primitive": "^1.2.0",
        "function-bind": "^1.1.1",
        "has": "^1.0.3",
        "is-callable": "^1.1.4",
        "is-regex": "^1.0.4",
        "object-keys": "^1.0.12"
      },
      "dependencies": {
        "es-to-primitive": {
          "version": "https://registry.npm.taobao.org/es-to-primitive/download/es-to-primitive-1.2.0.tgz"
        },
        "function-bind": {
          "version": "https://registry.npm.taobao.org/function-bind/download/function-bind-1.1.1.tgz"
        },
        "has": {
          "version": "https://registry.npm.taobao.org/has/download/has-1.0.3.tgz"
        },
        "is-callable": {
          "version": "https://registry.npm.taobao.org/is-callable/download/is-callable-1.1.4.tgz"
        },
        "is-regex": {
          "version": "https://registry.npm.taobao.org/is-regex/download/is-regex-1.0.4.tgz",
          "dependencies": {
            "has": {
              "version": "https://registry.npm.taobao.org/has/download/has-1.0.3.tgz",
              "dependencies": {
                "function-bind": {
                  "version": "https://registry.npm.taobao.org/function-bind/download/function-bind-1.1.1.tgz"
                }
              }
            }
          }
        },
        "object-keys": {
          "version": "https://registry.npm.taobao.org/object-keys/download/object-keys-1.1.1.tgz"
        }
      }
    },
    "es-to-primitive": {
      "version": "1.2.0",
      "resolved": "https://registry.npm.taobao.org/es-to-primitive/download/es-to-primitive-1.2.0.tgz",
      "requires": {
        "is-callable": "^1.1.4",
        "is-date-object": "^1.0.1",
        "is-symbol": "^1.0.2"
      },
      "dependencies": {
        "is-callable": {
          "version": "https://registry.npm.taobao.org/is-callable/download/is-callable-1.1.4.tgz"
        },
        "is-date-object": {
          "version": "https://registry.npm.taobao.org/is-date-object/download/is-date-object-1.0.1.tgz"
        },
        "is-symbol": {
          "version": "https://registry.npm.taobao.org/is-symbol/download/is-symbol-1.0.2.tgz"
        }
      }
    },
    "escape-string-regexp": {
      "version": "1.0.5",
      "resolved": "https://registry.npm.taobao.org/escape-string-regexp/download/escape-string-regexp-1.0.5.tgz"
    },
    "esprima": {
      "version": "4.0.1",
      "resolved": "https://registry.npm.taobao.org/esprima/download/esprima-4.0.1.tgz"
    },
    "execa": {
      "version": "1.0.0",
      "resolved": "https://registry.npm.taobao.org/execa/download/execa-1.0.0.tgz?cache=0&other_urls=https%3A%2F%2Fregistry.npm.taobao.org%2Fexeca%2Fdownload%2Fexeca-1.0.0.tgz",
      "requires": {
        "cross-spawn": "^6.0.0",
        "get-stream": "^4.0.0",
        "is-stream": "^1.1.0",
        "npm-run-path": "^2.0.0",
        "p-finally": "^1.0.0",
        "signal-exit": "^3.0.0",
        "strip-eof": "^1.0.0"
      },
      "dependencies": {
        "cross-spawn": {
          "version": "https://registry.npm.taobao.org/cross-spawn/download/cross-spawn-6.0.5.tgz?cache=0&other_urls=https%3A%2F%2Fregistry.npm.taobao.org%2Fcross-spawn%2Fdownload%2Fcross-spawn-6.0.5.tgz",
          "bundled": true
        },
        "get-stream": {
          "version": "https://registry.npm.taobao.org/get-stream/download/get-stream-4.1.0.tgz",
          "bundled": true
        },
        "is-stream": {
          "version": "https://registry.npm.taobao.org/is-stream/download/is-stream-1.1.0.tgz",
          "bundled": true
        },
        "npm-run-path": {
          "version": "https://registry.npm.taobao.org/npm-run-path/download/npm-run-path-2.0.2.tgz",
          "bundled": true
        },
        "p-finally": {
          "version": "https://registry.npm.taobao.org/p-finally/download/p-finally-1.0.0.tgz",
          "bundled": true
        },
        "signal-exit": {
          "version": "https://registry.npm.taobao.org/signal-exit/download/signal-exit-3.0.2.tgz",
          "bundled": true
        },
        "strip-eof": {
          "version": "https://registry.npm.taobao.org/strip-eof/download/strip-eof-1.0.0.tgz",
          "bundled": true
        }
      }
    },
    "find-up": {
      "version": "3.0.0",
      "resolved": "https://registry.npm.taobao.org/find-up/download/find-up-3.0.0.tgz",
      "requires": {
        "locate-path": "^3.0.0"
      },
      "dependencies": {
        "locate-path": {
          "version": "https://registry.npm.taobao.org/locate-path/download/locate-path-3.0.0.tgz",
          "bundled": true
        }
      }
    },
    "flat": {
      "version": "4.1.0",
      "resolved": "https://registry.npm.taobao.org/flat/download/flat-4.1.0.tgz",
      "requires": {
        "is-buffer": "~2.0.3"
      },
      "dependencies": {
        "is-buffer": {
          "version": "https://registry.npm.taobao.org/is-buffer/download/is-buffer-2.0.3.tgz",
          "bundled": true
        }
      }
    },
    "follow-redirects": {
      "version": "1.7.0",
      "resolved": "https://registry.npmjs.org/follow-redirects/-/follow-redirects-1.7.0.tgz",
      "integrity": "sha512-m/pZQy4Gj287eNy94nivy5wchN3Kp+Q5WgUPNy5lJSZ3sgkVKSYV/ZChMAQVIgx1SqfZ2zBZtPA2YlXIWxxJOQ==",
      "requires": {
        "debug": "^3.2.6"
      }
    },
    "fs.realpath": {
      "version": "1.0.0",
      "resolved": "https://registry.npm.taobao.org/fs.realpath/download/fs.realpath-1.0.0.tgz"
    },
    "function-bind": {
      "version": "1.1.1",
      "resolved": "https://registry.npm.taobao.org/function-bind/download/function-bind-1.1.1.tgz"
    },
    "get-caller-file": {
      "version": "2.0.5",
      "resolved": "https://registry.npm.taobao.org/get-caller-file/download/get-caller-file-2.0.5.tgz"
    },
    "get-func-name": {
      "version": "2.0.0",
      "resolved": "https://registry.npm.taobao.org/get-func-name/download/get-func-name-2.0.0.tgz"
    },
    "get-stream": {
      "version": "4.1.0",
      "resolved": "https://registry.npm.taobao.org/get-stream/download/get-stream-4.1.0.tgz",
      "requires": {
        "pump": "^3.0.0"
      },
      "dependencies": {
        "pump": {
          "version": "https://registry.npm.taobao.org/pump/download/pump-3.0.0.tgz"
        }
      }
    },
    "glob": {
      "version": "7.1.3",
      "resolved": "https://registry.npm.taobao.org/glob/download/glob-7.1.3.tgz?cache=0&other_urls=https%3A%2F%2Fregistry.npm.taobao.org%2Fglob%2Fdownload%2Fglob-7.1.3.tgz",
      "requires": {
        "fs.realpath": "^1.0.0",
        "inflight": "^1.0.4",
        "inherits": "2",
        "minimatch": "^3.0.4",
        "once": "^1.3.0",
        "path-is-absolute": "^1.0.0"
      },
      "dependencies": {
        "fs.realpath": {
          "version": "https://registry.npm.taobao.org/fs.realpath/download/fs.realpath-1.0.0.tgz",
          "bundled": true
        },
        "inflight": {
          "version": "https://registry.npm.taobao.org/inflight/download/inflight-1.0.6.tgz",
          "bundled": true
        },
        "inherits": {
          "version": "https://registry.npm.taobao.org/inherits/download/inherits-2.0.3.tgz",
          "bundled": true
        },
        "minimatch": {
          "version": "https://registry.npm.taobao.org/minimatch/download/minimatch-3.0.4.tgz?cache=0&other_urls=https%3A%2F%2Fregistry.npm.taobao.org%2Fminimatch%2Fdownload%2Fminimatch-3.0.4.tgz",
          "bundled": true
        },
        "once": {
          "version": "https://registry.npm.taobao.org/once/download/once-1.4.0.tgz",
          "bundled": true,
          "dependencies": {
            "wrappy": {
              "version": "https://registry.npm.taobao.org/wrappy/download/wrappy-1.0.2.tgz"
            }
          }
        },
        "path-is-absolute": {
          "version": "https://registry.npm.taobao.org/path-is-absolute/download/path-is-absolute-1.0.1.tgz",
          "bundled": true
        }
      }
    },
    "growl": {
      "version": "1.10.5",
      "resolved": "https://registry.npm.taobao.org/growl/download/growl-1.10.5.tgz"
    },
    "has": {
      "version": "1.0.3",
      "resolved": "https://registry.npm.taobao.org/has/download/has-1.0.3.tgz",
      "requires": {
        "function-bind": "^1.1.1"
      },
      "dependencies": {
        "function-bind": {
          "version": "https://registry.npm.taobao.org/function-bind/download/function-bind-1.1.1.tgz"
        }
      }
    },
    "has-flag": {
      "version": "3.0.0",
      "resolved": "https://registry.npm.taobao.org/has-flag/download/has-flag-3.0.0.tgz"
    },
    "has-symbols": {
      "version": "1.0.0",
      "resolved": "https://registry.npm.taobao.org/has-symbols/download/has-symbols-1.0.0.tgz"
    },
    "he": {
      "version": "1.2.0",
      "resolved": "https://registry.npm.taobao.org/he/download/he-1.2.0.tgz"
    },
    "inflight": {
      "version": "1.0.6",
      "resolved": "https://registry.npm.taobao.org/inflight/download/inflight-1.0.6.tgz",
      "requires": {
        "once": "^1.3.0",
        "wrappy": "1"
      },
      "dependencies": {
        "once": {
          "version": "https://registry.npm.taobao.org/once/download/once-1.4.0.tgz",
          "bundled": true,
          "dependencies": {
            "wrappy": {
              "version": "https://registry.npm.taobao.org/wrappy/download/wrappy-1.0.2.tgz"
            }
          }
        },
        "wrappy": {
          "version": "https://registry.npm.taobao.org/wrappy/download/wrappy-1.0.2.tgz",
          "bundled": true
        }
      }
    },
    "inherits": {
      "version": "2.0.3",
      "resolved": "https://registry.npm.taobao.org/inherits/download/inherits-2.0.3.tgz"
    },
    "invert-kv": {
      "version": "2.0.0",
      "resolved": "https://registry.npm.taobao.org/invert-kv/download/invert-kv-2.0.0.tgz"
    },
    "is-buffer": {
      "version": "2.0.3",
      "resolved": "https://registry.npm.taobao.org/is-buffer/download/is-buffer-2.0.3.tgz"
    },
    "is-callable": {
      "version": "1.1.4",
      "resolved": "https://registry.npm.taobao.org/is-callable/download/is-callable-1.1.4.tgz"
    },
    "is-date-object": {
      "version": "1.0.1",
      "resolved": "https://registry.npm.taobao.org/is-date-object/download/is-date-object-1.0.1.tgz"
    },
    "is-fullwidth-code-point": {
      "version": "2.0.0",
      "resolved": "https://registry.npm.taobao.org/is-fullwidth-code-point/download/is-fullwidth-code-point-2.0.0.tgz"
    },
    "is-regex": {
      "version": "1.0.4",
      "resolved": "https://registry.npm.taobao.org/is-regex/download/is-regex-1.0.4.tgz",
      "requires": {
        "has": "^1.0.1"
      }
    },
    "is-stream": {
      "version": "1.1.0",
      "resolved": "https://registry.npm.taobao.org/is-stream/download/is-stream-1.1.0.tgz"
    },
    "is-symbol": {
      "version": "1.0.2",
      "resolved": "https://registry.npm.taobao.org/is-symbol/download/is-symbol-1.0.2.tgz",
      "requires": {
        "has-symbols": "^1.0.0"
      },
      "dependencies": {
        "has-symbols": {
          "version": "https://registry.npm.taobao.org/has-symbols/download/has-symbols-1.0.0.tgz"
        }
      }
    },
    "isexe": {
      "version": "2.0.0",
      "resolved": "https://registry.npm.taobao.org/isexe/download/isexe-2.0.0.tgz"
    },
    "js-yaml": {
      "version": "3.13.1",
      "resolved": "https://registry.npm.taobao.org/js-yaml/download/js-yaml-3.13.1.tgz?cache=0&other_urls=https%3A%2F%2Fregistry.npm.taobao.org%2Fjs-yaml%2Fdownload%2Fjs-yaml-3.13.1.tgz",
      "requires": {
        "argparse": "^1.0.7",
        "esprima": "^4.0.0"
      },
      "dependencies": {
        "argparse": {
          "version": "https://registry.npm.taobao.org/argparse/download/argparse-1.0.10.tgz",
          "bundled": true
        },
        "esprima": {
          "version": "https://registry.npm.taobao.org/esprima/download/esprima-4.0.1.tgz",
          "bundled": true
        }
      }
    },
    "lcid": {
      "version": "2.0.0",
      "resolved": "https://registry.npm.taobao.org/lcid/download/lcid-2.0.0.tgz",
      "requires": {
        "invert-kv": "^2.0.0"
      },
      "dependencies": {
        "invert-kv": {
          "version": "https://registry.npm.taobao.org/invert-kv/download/invert-kv-2.0.0.tgz",
          "bundled": true
        }
      }
    },
    "locate-path": {
      "version": "3.0.0",
      "resolved": "https://registry.npm.taobao.org/locate-path/download/locate-path-3.0.0.tgz",
      "requires": {
        "p-locate": "^3.0.0",
        "path-exists": "^3.0.0"
      },
      "dependencies": {
        "p-locate": {
          "version": "https://registry.npm.taobao.org/p-locate/download/p-locate-3.0.0.tgz"
        },
        "path-exists": {
          "version": "https://registry.npm.taobao.org/path-exists/download/path-exists-3.0.0.tgz"
        }
      }
    },
    "lodash": {
      "version": "4.17.11",
      "resolved": "https://registry.npm.taobao.org/lodash/download/lodash-4.17.11.tgz"
    },
    "log-symbols": {
      "version": "2.2.0",
      "resolved": "https://registry.npm.taobao.org/log-symbols/download/log-symbols-2.2.0.tgz?cache=0&other_urls=https%3A%2F%2Fregistry.npm.taobao.org%2Flog-symbols%2Fdownload%2Flog-symbols-2.2.0.tgz",
      "requires": {
        "chalk": "^2.0.1"
      },
      "dependencies": {
        "chalk": {
          "version": "https://registry.npm.taobao.org/chalk/download/chalk-2.4.2.tgz",
          "dependencies": {
            "ansi-styles": {
              "version": "https://registry.npm.taobao.org/ansi-styles/download/ansi-styles-3.2.1.tgz",
              "dependencies": {}
            },
            "escape-string-regexp": {
              "version": "https://registry.npm.taobao.org/escape-string-regexp/download/escape-string-regexp-1.0.5.tgz"
            },
            "supports-color": {
              "version": "https://registry.npm.taobao.org/supports-color/download/supports-color-5.5.0.tgz?cache=0&other_urls=https%3A%2F%2Fregistry.npm.taobao.org%2Fsupports-color%2Fdownload%2Fsupports-color-5.5.0.tgz"
            }
          }
        }
      }
    },
    "map-age-cleaner": {
      "version": "0.1.3",
      "resolved": "https://registry.npm.taobao.org/map-age-cleaner/download/map-age-cleaner-0.1.3.tgz",
      "requires": {
        "p-defer": "^1.0.0"
      },
      "dependencies": {
        "p-defer": {
          "version": "https://registry.npm.taobao.org/p-defer/download/p-defer-1.0.0.tgz"
        }
      }
    },
    "mem": {
      "version": "4.3.0",
      "resolved": "https://registry.npm.taobao.org/mem/download/mem-4.3.0.tgz",
      "requires": {
        "map-age-cleaner": "^0.1.1",
        "mimic-fn": "^2.0.0",
        "p-is-promise": "^2.0.0"
      },
      "dependencies": {
        "map-age-cleaner": {
          "version": "https://registry.npm.taobao.org/map-age-cleaner/download/map-age-cleaner-0.1.3.tgz",
          "bundled": true
        },
        "mimic-fn": {
          "version": "https://registry.npm.taobao.org/mimic-fn/download/mimic-fn-2.1.0.tgz",
          "bundled": true
        },
        "p-is-promise": {
          "version": "https://registry.npm.taobao.org/p-is-promise/download/p-is-promise-2.1.0.tgz",
          "bundled": true
        }
      }
    },
    "mimic-fn": {
      "version": "2.1.0",
      "resolved": "https://registry.npm.taobao.org/mimic-fn/download/mimic-fn-2.1.0.tgz"
    },
    "minimatch": {
      "version": "3.0.4",
      "resolved": "https://registry.npm.taobao.org/minimatch/download/minimatch-3.0.4.tgz?cache=0&other_urls=https%3A%2F%2Fregistry.npm.taobao.org%2Fminimatch%2Fdownload%2Fminimatch-3.0.4.tgz",
      "requires": {
        "brace-expansion": "^1.1.7"
      },
      "dependencies": {
        "brace-expansion": {
          "version": "https://registry.npm.taobao.org/brace-expansion/download/brace-expansion-1.1.11.tgz",
          "bundled": true
        }
      }
    },
    "minimist": {
      "version": "0.0.8",
      "resolved": "https://registry.npm.taobao.org/minimist/download/minimist-0.0.8.tgz"
    },
    "mkdirp": {
      "version": "0.5.1",
      "resolved": "https://registry.npm.taobao.org/mkdirp/download/mkdirp-0.5.1.tgz?cache=0&other_urls=https%3A%2F%2Fregistry.npm.taobao.org%2Fmkdirp%2Fdownload%2Fmkdirp-0.5.1.tgz",
      "requires": {
        "minimist": "0.0.8"
      },
      "dependencies": {
        "minimist": {
          "version": "https://registry.npm.taobao.org/minimist/download/minimist-0.0.8.tgz"
        }
      }
    },
    "mocha": {
      "version": "6.1.4",
      "resolved": "https://registry.npm.taobao.org/mocha/download/mocha-6.1.4.tgz?cache=0&other_urls=https%3A%2F%2Fregistry.npm.taobao.org%2Fmocha%2Fdownload%2Fmocha-6.1.4.tgz",
      "dev": true,
      "requires": {
        "ansi-colors": "3.2.3",
        "browser-stdout": "1.3.1",
        "debug": "3.2.6",
        "diff": "3.5.0",
        "escape-string-regexp": "1.0.5",
        "find-up": "3.0.0",
        "glob": "7.1.3",
        "growl": "1.10.5",
        "he": "1.2.0",
        "js-yaml": "3.13.1",
        "log-symbols": "2.2.0",
        "minimatch": "3.0.4",
        "mkdirp": "0.5.1",
        "ms": "2.1.1",
        "node-environment-flags": "1.0.5",
        "object.assign": "4.1.0",
        "strip-json-comments": "2.0.1",
        "which": "1.3.1",
        "wide-align": "1.1.3",
        "yargs": "13.2.2",
        "yargs-unparser": "1.5.0"
      },
      "dependencies": {
        "ansi-colors": {
          "version": "https://registry.npm.taobao.org/ansi-colors/download/ansi-colors-3.2.3.tgz"
        },
        "browser-stdout": {
          "version": "https://registry.npm.taobao.org/browser-stdout/download/browser-stdout-1.3.1.tgz"
        },
        "debug": {
          "version": "https://registry.npm.taobao.org/debug/download/debug-3.2.6.tgz"
        },
        "diff": {
          "version": "https://registry.npm.taobao.org/diff/download/diff-3.5.0.tgz?cache=0&other_urls=https%3A%2F%2Fregistry.npm.taobao.org%2Fdiff%2Fdownload%2Fdiff-3.5.0.tgz"
        },
        "escape-string-regexp": {
          "version": "https://registry.npm.taobao.org/escape-string-regexp/download/escape-string-regexp-1.0.5.tgz"
        },
        "find-up": {
          "version": "https://registry.npm.taobao.org/find-up/download/find-up-3.0.0.tgz"
        },
        "glob": {
          "version": "https://registry.npm.taobao.org/glob/download/glob-7.1.3.tgz?cache=0&other_urls=https%3A%2F%2Fregistry.npm.taobao.org%2Fglob%2Fdownload%2Fglob-7.1.3.tgz",
          "dependencies": {
            "fs.realpath": {
              "version": "https://registry.npm.taobao.org/fs.realpath/download/fs.realpath-1.0.0.tgz",
              "bundled": true
            },
            "inflight": {
              "version": "https://registry.npm.taobao.org/inflight/download/inflight-1.0.6.tgz",
              "bundled": true
            },
            "inherits": {
              "version": "https://registry.npm.taobao.org/inherits/download/inherits-2.0.3.tgz",
              "bundled": true
            },
            "minimatch": {
              "version": "https://registry.npm.taobao.org/minimatch/download/minimatch-3.0.4.tgz?cache=0&other_urls=https%3A%2F%2Fregistry.npm.taobao.org%2Fminimatch%2Fdownload%2Fminimatch-3.0.4.tgz",
              "bundled": true
            },
            "once": {
              "version": "https://registry.npm.taobao.org/once/download/once-1.4.0.tgz",
              "bundled": true,
              "dependencies": {}
            },
            "path-is-absolute": {
              "version": "https://registry.npm.taobao.org/path-is-absolute/download/path-is-absolute-1.0.1.tgz",
              "bundled": true
            }
          }
        },
        "growl": {
          "version": "https://registry.npm.taobao.org/growl/download/growl-1.10.5.tgz"
        },
        "he": {
          "version": "https://registry.npm.taobao.org/he/download/he-1.2.0.tgz"
        },
        "js-yaml": {
          "version": "https://registry.npm.taobao.org/js-yaml/download/js-yaml-3.13.1.tgz?cache=0&other_urls=https%3A%2F%2Fregistry.npm.taobao.org%2Fjs-yaml%2Fdownload%2Fjs-yaml-3.13.1.tgz"
        },
        "log-symbols": {
          "version": "https://registry.npm.taobao.org/log-symbols/download/log-symbols-2.2.0.tgz?cache=0&other_urls=https%3A%2F%2Fregistry.npm.taobao.org%2Flog-symbols%2Fdownload%2Flog-symbols-2.2.0.tgz"
        },
        "minimatch": {
          "version": "https://registry.npm.taobao.org/minimatch/download/minimatch-3.0.4.tgz?cache=0&other_urls=https%3A%2F%2Fregistry.npm.taobao.org%2Fminimatch%2Fdownload%2Fminimatch-3.0.4.tgz",
          "dependencies": {
            "brace-expansion": {
              "version": "https://registry.npm.taobao.org/brace-expansion/download/brace-expansion-1.1.11.tgz",
              "bundled": true
            }
          }
        },
        "mkdirp": {
          "version": "https://registry.npm.taobao.org/mkdirp/download/mkdirp-0.5.1.tgz?cache=0&other_urls=https%3A%2F%2Fregistry.npm.taobao.org%2Fmkdirp%2Fdownload%2Fmkdirp-0.5.1.tgz"
        },
        "ms": {
          "version": "https://registry.npm.taobao.org/ms/download/ms-2.1.1.tgz"
        },
        "node-environment-flags": {
          "version": "https://registry.npm.taobao.org/node-environment-flags/download/node-environment-flags-1.0.5.tgz"
        },
        "object.assign": {
          "version": "https://registry.npm.taobao.org/object.assign/download/object.assign-4.1.0.tgz"
        },
        "strip-json-comments": {
          "version": "https://registry.npm.taobao.org/strip-json-comments/download/strip-json-comments-2.0.1.tgz"
        },
        "supports-color": {
          "version": "https://registry.npm.taobao.org/supports-color/download/supports-color-6.0.0.tgz?cache=0&other_urls=https%3A%2F%2Fregistry.npm.taobao.org%2Fsupports-color%2Fdownload%2Fsupports-color-6.0.0.tgz"
        },
        "which": {
          "version": "https://registry.npm.taobao.org/which/download/which-1.3.1.tgz",
          "dependencies": {
            "isexe": {
              "version": "https://registry.npm.taobao.org/isexe/download/isexe-2.0.0.tgz"
            }
          }
        },
        "wide-align": {
          "version": "https://registry.npm.taobao.org/wide-align/download/wide-align-1.1.3.tgz",
          "dependencies": {
            "string-width": {
              "version": "https://registry.npm.taobao.org/string-width/download/string-width-2.1.1.tgz",
              "dependencies": {
                "is-fullwidth-code-point": {
                  "version": "https://registry.npm.taobao.org/is-fullwidth-code-point/download/is-fullwidth-code-point-2.0.0.tgz"
                },
                "strip-ansi": {
                  "version": "https://registry.npm.taobao.org/strip-ansi/download/strip-ansi-4.0.0.tgz"
                }
              }
            }
          }
        },
        "yargs": {
          "version": "https://registry.npm.taobao.org/yargs/download/yargs-13.2.2.tgz"
        },
        "yargs-parser": {
          "version": "https://registry.npm.taobao.org/yargs-parser/download/yargs-parser-13.0.0.tgz"
        },
        "yargs-unparser": {
          "version": "https://registry.npm.taobao.org/yargs-unparser/download/yargs-unparser-1.5.0.tgz"
        }
      }
    },
    "ms": {
      "version": "2.1.1",
      "resolved": "https://registry.npm.taobao.org/ms/download/ms-2.1.1.tgz"
    },
    "nice-try": {
      "version": "1.0.5",
      "resolved": "https://registry.npm.taobao.org/nice-try/download/nice-try-1.0.5.tgz"
    },
    "node-environment-flags": {
      "version": "1.0.5",
      "resolved": "https://registry.npm.taobao.org/node-environment-flags/download/node-environment-flags-1.0.5.tgz",
      "requires": {
        "object.getownpropertydescriptors": "^2.0.3",
        "semver": "^5.7.0"
      },
      "dependencies": {
        "object.getownpropertydescriptors": {
          "version": "https://registry.npm.taobao.org/object.getownpropertydescriptors/download/object.getownpropertydescriptors-2.0.3.tgz"
        },
        "semver": {
          "version": "https://registry.npm.taobao.org/semver/download/semver-5.7.0.tgz"
        }
      }
    },
    "npm-run-path": {
      "version": "2.0.2",
      "resolved": "https://registry.npm.taobao.org/npm-run-path/download/npm-run-path-2.0.2.tgz",
      "requires": {
        "path-key": "^2.0.0"
      },
      "dependencies": {
        "path-key": {
          "version": "https://registry.npm.taobao.org/path-key/download/path-key-2.0.1.tgz",
          "bundled": true
        }
      }
    },
    "number-is-nan": {
      "version": "1.0.1",
      "resolved": "https://registry.npm.taobao.org/number-is-nan/download/number-is-nan-1.0.1.tgz"
    },
    "object-keys": {
      "version": "1.1.1",
      "resolved": "https://registry.npm.taobao.org/object-keys/download/object-keys-1.1.1.tgz"
    },
    "object.assign": {
      "version": "4.1.0",
      "resolved": "https://registry.npm.taobao.org/object.assign/download/object.assign-4.1.0.tgz",
      "requires": {
        "define-properties": "^1.1.2",
        "function-bind": "^1.1.1",
        "has-symbols": "^1.0.0",
        "object-keys": "^1.0.11"
      },
      "dependencies": {
        "define-properties": {
          "version": "https://registry.npm.taobao.org/define-properties/download/define-properties-1.1.3.tgz",
          "dependencies": {
            "object-keys": {
              "version": "https://registry.npm.taobao.org/object-keys/download/object-keys-1.1.1.tgz"
            }
          }
        },
        "function-bind": {
          "version": "https://registry.npm.taobao.org/function-bind/download/function-bind-1.1.1.tgz"
        },
        "has-symbols": {
          "version": "https://registry.npm.taobao.org/has-symbols/download/has-symbols-1.0.0.tgz"
        },
        "object-keys": {
          "version": "https://registry.npm.taobao.org/object-keys/download/object-keys-1.1.1.tgz"
        }
      }
    },
    "object.getownpropertydescriptors": {
      "version": "2.0.3",
      "resolved": "https://registry.npm.taobao.org/object.getownpropertydescriptors/download/object.getownpropertydescriptors-2.0.3.tgz",
      "requires": {
        "define-properties": "^1.1.2",
        "es-abstract": "^1.5.1"
      },
      "dependencies": {
        "define-properties": {
          "version": "https://registry.npm.taobao.org/define-properties/download/define-properties-1.1.3.tgz",
          "bundled": true
        },
        "es-abstract": {
          "version": "https://registry.npm.taobao.org/es-abstract/download/es-abstract-1.13.0.tgz",
          "bundled": true
        }
      }
    },
    "once": {
      "version": "1.4.0",
      "resolved": "https://registry.npm.taobao.org/once/download/once-1.4.0.tgz",
      "requires": {
        "wrappy": "1"
      },
      "dependencies": {
        "wrappy": {
          "version": "https://registry.npm.taobao.org/wrappy/download/wrappy-1.0.2.tgz"
        }
      }
    },
    "os-locale": {
      "version": "3.1.0",
      "resolved": "https://registry.npm.taobao.org/os-locale/download/os-locale-3.1.0.tgz",
      "requires": {
        "execa": "^1.0.0",
        "lcid": "^2.0.0",
        "mem": "^4.0.0"
      },
      "dependencies": {
        "execa": {
          "version": "https://registry.npm.taobao.org/execa/download/execa-1.0.0.tgz?cache=0&other_urls=https%3A%2F%2Fregistry.npm.taobao.org%2Fexeca%2Fdownload%2Fexeca-1.0.0.tgz",
          "bundled": true
        },
        "lcid": {
          "version": "https://registry.npm.taobao.org/lcid/download/lcid-2.0.0.tgz",
          "bundled": true
        },
        "mem": {
          "version": "https://registry.npm.taobao.org/mem/download/mem-4.3.0.tgz",
          "bundled": true
        }
      }
    },
    "p-defer": {
      "version": "1.0.0",
      "resolved": "https://registry.npm.taobao.org/p-defer/download/p-defer-1.0.0.tgz"
    },
    "p-finally": {
      "version": "1.0.0",
      "resolved": "https://registry.npm.taobao.org/p-finally/download/p-finally-1.0.0.tgz"
    },
    "p-is-promise": {
      "version": "2.1.0",
      "resolved": "https://registry.npm.taobao.org/p-is-promise/download/p-is-promise-2.1.0.tgz"
    },
    "p-limit": {
      "version": "2.2.0",
      "resolved": "https://registry.npm.taobao.org/p-limit/download/p-limit-2.2.0.tgz",
      "requires": {
        "p-try": "^2.0.0"
      },
      "dependencies": {
        "p-try": {
          "version": "https://registry.npm.taobao.org/p-try/download/p-try-2.2.0.tgz"
        }
      }
    },
    "p-locate": {
      "version": "3.0.0",
      "resolved": "https://registry.npm.taobao.org/p-locate/download/p-locate-3.0.0.tgz",
      "requires": {
        "p-limit": "^2.0.0"
      },
      "dependencies": {
        "p-limit": {
          "version": "https://registry.npm.taobao.org/p-limit/download/p-limit-2.2.0.tgz",
          "bundled": true
        }
      }
    },
    "p-try": {
      "version": "2.2.0",
      "resolved": "https://registry.npm.taobao.org/p-try/download/p-try-2.2.0.tgz"
    },
    "path-exists": {
      "version": "3.0.0",
      "resolved": "https://registry.npm.taobao.org/path-exists/download/path-exists-3.0.0.tgz"
    },
    "path-is-absolute": {
      "version": "1.0.1",
      "resolved": "https://registry.npm.taobao.org/path-is-absolute/download/path-is-absolute-1.0.1.tgz"
    },
    "path-key": {
      "version": "2.0.1",
      "resolved": "https://registry.npm.taobao.org/path-key/download/path-key-2.0.1.tgz"
    },
    "pathval": {
      "version": "1.1.0",
      "resolved": "https://registry.npm.taobao.org/pathval/download/pathval-1.1.0.tgz"
    },
    "pump": {
      "version": "3.0.0",
      "resolved": "https://registry.npm.taobao.org/pump/download/pump-3.0.0.tgz",
      "requires": {
        "end-of-stream": "^1.1.0",
        "once": "^1.3.1"
      },
      "dependencies": {
        "end-of-stream": {
          "version": "https://registry.npm.taobao.org/end-of-stream/download/end-of-stream-1.4.1.tgz",
          "bundled": true
        },
        "once": {
          "version": "https://registry.npm.taobao.org/once/download/once-1.4.0.tgz",
          "bundled": true,
          "dependencies": {
            "wrappy": {
              "version": "https://registry.npm.taobao.org/wrappy/download/wrappy-1.0.2.tgz"
            }
          }
        }
      }
    },
    "require-directory": {
      "version": "2.1.1",
      "resolved": "https://registry.npm.taobao.org/require-directory/download/require-directory-2.1.1.tgz"
    },
    "semver": {
      "version": "5.7.0",
      "resolved": "https://registry.npm.taobao.org/semver/download/semver-5.7.0.tgz"
    },
    "set-blocking": {
      "version": "2.0.0",
      "resolved": "https://registry.npm.taobao.org/set-blocking/download/set-blocking-2.0.0.tgz"
    },
    "shebang-command": {
      "version": "1.2.0",
      "resolved": "https://registry.npm.taobao.org/shebang-command/download/shebang-command-1.2.0.tgz",
      "requires": {
        "shebang-regex": "^1.0.0"
      },
      "dependencies": {
        "shebang-regex": {
          "version": "https://registry.npm.taobao.org/shebang-regex/download/shebang-regex-1.0.0.tgz",
          "bundled": true
        }
      }
    },
    "shebang-regex": {
      "version": "1.0.0",
      "resolved": "https://registry.npm.taobao.org/shebang-regex/download/shebang-regex-1.0.0.tgz"
    },
    "signal-exit": {
      "version": "3.0.2",
      "resolved": "https://registry.npm.taobao.org/signal-exit/download/signal-exit-3.0.2.tgz"
    },
    "sprintf-js": {
      "version": "1.0.3",
      "resolved": "https://registry.npm.taobao.org/sprintf-js/download/sprintf-js-1.0.3.tgz"
    },
    "string-width": {
      "version": "3.1.0",
      "resolved": "https://registry.npm.taobao.org/string-width/download/string-width-3.1.0.tgz",
      "requires": {
        "emoji-regex": "^7.0.1",
        "is-fullwidth-code-point": "^2.0.0"
      },
      "dependencies": {
        "emoji-regex": {
          "version": "https://registry.npm.taobao.org/emoji-regex/download/emoji-regex-7.0.3.tgz"
        },
        "is-fullwidth-code-point": {
          "version": "https://registry.npm.taobao.org/is-fullwidth-code-point/download/is-fullwidth-code-point-2.0.0.tgz"
        },
        "strip-ansi": {
          "version": "https://registry.npm.taobao.org/strip-ansi/download/strip-ansi-5.2.0.tgz"
        }
      }
    },
    "strip-ansi": {
      "version": "3.0.1",
      "resolved": "https://registry.npm.taobao.org/strip-ansi/download/strip-ansi-3.0.1.tgz",
      "dependencies": {
        "ansi-regex": {
          "version": "https://registry.npm.taobao.org/ansi-regex/download/ansi-regex-2.1.1.tgz"
        }
      }
    },
    "strip-eof": {
      "version": "1.0.0",
      "resolved": "https://registry.npm.taobao.org/strip-eof/download/strip-eof-1.0.0.tgz"
    },
    "strip-json-comments": {
      "version": "2.0.1",
      "resolved": "https://registry.npm.taobao.org/strip-json-comments/download/strip-json-comments-2.0.1.tgz"
    },
    "supports-color": {
      "version": "5.5.0",
      "resolved": "https://registry.npm.taobao.org/supports-color/download/supports-color-5.5.0.tgz?cache=0&other_urls=https%3A%2F%2Fregistry.npm.taobao.org%2Fsupports-color%2Fdownload%2Fsupports-color-5.5.0.tgz",
      "requires": {
        "has-flag": "^3.0.0"
      },
      "dependencies": {
        "has-flag": {
          "version": "https://registry.npm.taobao.org/has-flag/download/has-flag-3.0.0.tgz"
        }
      }
    },
    "type-detect": {
      "version": "4.0.8",
      "resolved": "https://registry.npm.taobao.org/type-detect/download/type-detect-4.0.8.tgz"
    },
    "which": {
      "version": "1.3.1",
      "resolved": "https://registry.npm.taobao.org/which/download/which-1.3.1.tgz",
      "requires": {
        "isexe": "^2.0.0"
      },
      "dependencies": {
        "isexe": {
          "version": "https://registry.npm.taobao.org/isexe/download/isexe-2.0.0.tgz"
        }
      }
    },
    "which-module": {
      "version": "2.0.0",
      "resolved": "https://registry.npm.taobao.org/which-module/download/which-module-2.0.0.tgz"
    },
    "wide-align": {
      "version": "1.1.3",
      "resolved": "https://registry.npm.taobao.org/wide-align/download/wide-align-1.1.3.tgz"
    },
    "wrap-ansi": {
      "version": "2.1.0",
      "resolved": "https://registry.npm.taobao.org/wrap-ansi/download/wrap-ansi-2.1.0.tgz",
      "requires": {
        "strip-ansi": "^3.0.1"
      },
      "dependencies": {
        "string-width": {
          "version": "https://registry.npm.taobao.org/string-width/download/string-width-1.0.2.tgz"
        },
        "strip-ansi": {
          "version": "https://registry.npm.taobao.org/strip-ansi/download/strip-ansi-3.0.1.tgz",
          "dependencies": {
            "ansi-regex": {
              "version": "https://registry.npm.taobao.org/ansi-regex/download/ansi-regex-2.1.1.tgz"
            }
          }
        }
      }
    },
    "wrappy": {
      "version": "1.0.2",
      "resolved": "https://registry.npm.taobao.org/wrappy/download/wrappy-1.0.2.tgz"
    },
    "y18n": {
      "version": "4.0.0",
      "resolved": "https://registry.npm.taobao.org/y18n/download/y18n-4.0.0.tgz"
    },
    "yargs": {
      "version": "13.2.2",
      "resolved": "https://registry.npm.taobao.org/yargs/download/yargs-13.2.2.tgz",
      "requires": {
        "cliui": "^4.0.0",
        "find-up": "^3.0.0",
        "get-caller-file": "^2.0.1",
        "os-locale": "^3.1.0",
        "require-directory": "^2.1.1",
        "set-blocking": "^2.0.0",
        "string-width": "^3.0.0",
        "which-module": "^2.0.0",
        "y18n": "^4.0.0",
        "yargs-parser": "^13.0.0"
      },
      "dependencies": {
        "cliui": {
          "version": "https://registry.npm.taobao.org/cliui/download/cliui-4.1.0.tgz"
        },
        "find-up": {
          "version": "https://registry.npm.taobao.org/find-up/download/find-up-3.0.0.tgz",
          "dependencies": {
            "locate-path": {
              "version": "https://registry.npm.taobao.org/locate-path/download/locate-path-3.0.0.tgz",
              "bundled": true
            }
          }
        },
        "get-caller-file": {
          "version": "https://registry.npm.taobao.org/get-caller-file/download/get-caller-file-2.0.5.tgz"
        },
        "os-locale": {
          "version": "https://registry.npm.taobao.org/os-locale/download/os-locale-3.1.0.tgz",
          "dependencies": {
            "execa": {
              "version": "https://registry.npm.taobao.org/execa/download/execa-1.0.0.tgz?cache=0&other_urls=https%3A%2F%2Fregistry.npm.taobao.org%2Fexeca%2Fdownload%2Fexeca-1.0.0.tgz",
              "bundled": true
            },
            "lcid": {
              "version": "https://registry.npm.taobao.org/lcid/download/lcid-2.0.0.tgz",
              "bundled": true
            },
            "mem": {
              "version": "https://registry.npm.taobao.org/mem/download/mem-4.3.0.tgz",
              "bundled": true
            }
          }
        },
        "require-directory": {
          "version": "https://registry.npm.taobao.org/require-directory/download/require-directory-2.1.1.tgz"
        },
        "require-main-filename": {
          "version": "https://registry.npm.taobao.org/require-main-filename/download/require-main-filename-2.0.0.tgz"
        },
        "set-blocking": {
          "version": "https://registry.npm.taobao.org/set-blocking/download/set-blocking-2.0.0.tgz"
        },
        "string-width": {
          "version": "https://registry.npm.taobao.org/string-width/download/string-width-3.1.0.tgz"
        },
        "which-module": {
          "version": "https://registry.npm.taobao.org/which-module/download/which-module-2.0.0.tgz"
        },
        "y18n": {
          "version": "https://registry.npm.taobao.org/y18n/download/y18n-4.0.0.tgz"
        },
        "yargs-parser": {
          "version": "https://registry.npm.taobao.org/yargs-parser/download/yargs-parser-13.1.0.tgz"
        }
      }
    },
    "yargs-parser": {
      "version": "13.1.0",
      "resolved": "https://registry.npm.taobao.org/yargs-parser/download/yargs-parser-13.1.0.tgz",
      "requires": {
        "camelcase": "^5.0.0",
        "decamelize": "^1.2.0"
      },
      "dependencies": {
        "camelcase": {
          "version": "https://registry.npm.taobao.org/camelcase/download/camelcase-5.3.1.tgz",
          "bundled": true
        },
        "decamelize": {
          "version": "https://registry.npm.taobao.org/decamelize/download/decamelize-1.2.0.tgz",
          "bundled": true
        }
      }
    },
    "yargs-unparser": {
      "version": "1.5.0",
      "resolved": "https://registry.npm.taobao.org/yargs-unparser/download/yargs-unparser-1.5.0.tgz",
      "requires": {
        "flat": "^4.1.0",
        "lodash": "^4.17.11"
      },
      "dependencies": {
        "flat": {
          "version": "https://registry.npm.taobao.org/flat/download/flat-4.1.0.tgz"
        },
        "lodash": {
          "version": "https://registry.npm.taobao.org/lodash/download/lodash-4.17.11.tgz"
        },
        "yargs": {
          "version": "https://registry.npm.taobao.org/yargs/download/yargs-12.0.5.tgz"
        }
      }
    }
  }
}
